// !$*UTF8*$!
{
	archiveVersion = 1;
	classes = {
	};
	objectVersion = 46;
	objects = {

/* Begin PBXBuildFile section */
		A3EE0A4D1B84CA740069E9C0 /* mergeTwoLists.cpp in Sources */ = {isa = PBXBuildFile; fileRef = A3EE0A4C1B84CA740069E9C0 /* mergeTwoLists.cpp */; };
/* End PBXBuildFile section */

/* Begin PBXCopyFilesBuildPhase section */
		A39F867B1B84C9DB00C4AC3D /* CopyFiles */ = {
			isa = PBXCopyFilesBuildPhase;
			buildActionMask = 2147483647;
			dstPath = /usr/share/man/man1/;
			dstSubfolderSpec = 0;
			files = (
			);
			runOnlyForDeploymentPostprocessing = 1;
		};
/* End PBXCopyFilesBuildPhase section */

/* Begin PBXFileReference section */
		A39F867D1B84C9DB00C4AC3D /* ProgrammingContest */ = {isa = PBXFileReference; explicitFileType = "compiled.mach-o.executable"; includeInIndex = 0; path = ProgrammingContest; sourceTree = BUILT_PRODUCTS_DIR; };
		A3EE0A4C1B84CA740069E9C0 /* mergeTwoLists.cpp */ = {isa = PBXFileReference; fileEncoding = 4; lastKnownFileType = sourcecode.cpp.cpp; path = mergeTwoLists.cpp; sourceTree = "<group>"; };
/* End PBXFileReference section */

/* Begin PBXFrameworksBuildPhase section */
		A39F867A1B84C9DB00C4AC3D /* Frameworks */ = {
			isa = PBXFrameworksBuildPhase;
			buildActionMask = 2147483647;
			files = (
			);
			runOnlyForDeploymentPostprocessing = 0;
		};
/* End PBXFrameworksBuildPhase section */

/* Begin PBXGroup section */
		A39F86741B84C9DA00C4AC3D = {
			isa = PBXGroup;
			children = (
				A39F867F1B84C9DB00C4AC3D /* ProgrammingContest */,
				A39F867E1B84C9DB00C4AC3D /* Products */,
			);
			sourceTree = "<group>";
		};
		A39F867E1B84C9DB00C4AC3D /* Products */ = {
			isa = PBXGroup;
			children = (
				A39F867D1B84C9DB00C4AC3D /* ProgrammingContest */,
			);
			name = Products;
			sourceTree = "<group>";
		};
		A39F867F1B84C9DB00C4AC3D /* ProgrammingContest */ = {
			isa = PBXGroup;
			children = (
				A3EE0A4C1B84CA740069E9C0 /* mergeTwoLists.cpp */,
			);
			path = ProgrammingContest;
			sourceTree = "<group>";
		};
/* End PBXGroup section */

/* Begin PBXNativeTarget section */
		A39F867C1B84C9DB00C4AC3D /* ProgrammingContest */ = {
			isa = PBXNativeTarget;
			buildConfigurationList = A39F86841B84C9DB00C4AC3D /* Build configuration list for PBXNativeTarget "ProgrammingContest" */;
			buildPhases = (
				A39F86791B84C9DB00C4AC3D /* Sources */,
				A39F867A1B84C9DB00C4AC3D /* Frameworks */,
				A39F867B1B84C9DB00C4AC3D /* CopyFiles */,
			);
			buildRules = (
			);
			dependencies = (
			);
			name = ProgrammingContest;
			productName = ProgrammingContest;
			productReference = A39F867D1B84C9DB00C4AC3D /* ProgrammingContest */;
			productType = "com.apple.product-type.tool";
		};
/* End PBXNativeTarget section */

/* Begin PBXProject section */
		A39F86751B84C9DA00C4AC3D /* Project object */ = {
			isa = PBXProject;
			attributes = {
				LastUpgradeCheck = 0700;
				ORGANIZATIONNAME = Zealitude;
				TargetAttributes = {
					A39F867C1B84C9DB00C4AC3D = {
						CreatedOnToolsVersion = 6.4;
					};
				};
			};
			buildConfigurationList = A39F86781B84C9DB00C4AC3D /* Build configuration list for PBXProject "ProgrammingContest" */;
			compatibilityVersion = "Xcode 3.2";
			developmentRegion = English;
			hasScannedForEncodings = 0;
			knownRegions = (
				en,
			);
			mainGroup = A39F86741B84C9DA00C4AC3D;
			productRefGroup = A39F867E1B84C9DB00C4AC3D /* Products */;
			projectDirPath = "";
			projectRoot = "";
			targets = (
				A39F867C1B84C9DB00C4AC3D /* ProgrammingContest */,
			);
		};
/* End PBXProject section */

/* Begin PBXSourcesBuildPhase section */
		A39F86791B84C9DB00C4AC3D /* Sources */ = {
			isa = PBXSourcesBuildPhase;
			buildActionMask = 2147483647;
			files = (
				A3EE0A4D1B84CA740069E9C0 /* mergeTwoLists.cpp in Sources */,
			);
			runOnlyForDeploymentPostprocessing = 0;
		};
/* End PBXSourcesBuildPhase section */

/* Begin XCBuildConfiguration section */
		A39F86821B84C9DB00C4AC3D /* Debug */ = {
			isa = XCBuildConfiguration;
			buildSettings = {
				ALWAYS_SEARCH_USER_PATHS = NO;
				CLANG_CXX_LANGUAGE_STANDARD = "gnu++0x";
				CLANG_CXX_LIBRARY = "libc++";
				CLANG_ENABLE_MODULES = YES;
				CLANG_ENABLE_OBJC_ARC = YES;
				CLANG_WARN_BOOL_CONVERSION = YES;
				CLANG_WARN_CONSTANT_CONVERSION = YES;
				CLANG_WARN_DIRECT_OBJC_ISA_USAGE = YES_ERROR;
				CLANG_WARN_EMPTY_BODY = YES;
				CLANG_WARN_ENUM_CONVERSION = YES;
				CLANG_WARN_INT_CONVERSION = YES;
				CLANG_WARN_OBJC_ROOT_CLASS = YES_ERROR;
				CLANG_WARN_UNREACHABLE_CODE = YES;
				CLANG_WARN__DUPLICATE_METHOD_MATCH = YES;
				COPY_PHASE_STRIP = NO;
				DEBUG_INFORMATION_FORMAT = dwarf;
				ENABLE_STRICT_OBJC_MSGSEND = YES;
				ENABLE_TESTABILITY = YES;
				GCC_C_LANGUAGE_STANDARD = gnu99;
				GCC_DYNAMIC_NO_PIC = NO;
				GCC_NO_COMMON_BLOCKS = YES;
				GCC_OPTIMIZATION_LEVEL = 0;
				GCC_PREPROCESSOR_DEFINITIONS = (
					"DEBUG=1",
					"$(inherited)",
				);
				GCC_SYMBOLS_PRIVATE_EXTERN = NO;
				GCC_WARN_64_TO_32_BIT_CONVERSION = YES;
				GCC_WARN_ABOUT_RETURN_TYPE = YES_ERROR;
				GCC_WARN_UNDECLARED_SELECTOR = YES;
				GCC_WARN_UNINITIALIZED_AUTOS = YES_AGGRESSIVE;
				GCC_WARN_UNUSED_FUNCTION = YES;
				GCC_WARN_UNUSED_VARIABLE = YES;
				MACOSX_DEPLOYMENT_TARGET = 10.10;
				MTL_ENABLE_DEBUG_INFO = YES;
				ONLY_ACTIVE_ARCH = YES;
				SDKROOT = macosx;
			};
			name = Debug;
		};
		A39F86831B84C9DB00C4AC3D /* Release */ = {
			isa = XCBuildConfiguration;
			buildSettings = {
				ALWAYS_SEARCH_USER_PATHS = NO;
				CLANG_CXX_LANGUAGE_STANDARD = "gnu++0x";
				CLANG_CXX_LIBRARY = "libc++";
				CLANG_ENABLE_MODULES = YES;
				CLANG_ENABLE_OBJC_ARC = YES;
				CLANG_WARN_BOOL_CONVERSION = YES;
				CLANG_WARN_CONSTANT_CONVERSION = YES;
				CLANG_WARN_DIRECT_OBJC_ISA_USAGE = YES_ERROR;
				CLANG_WARN_EMPTY_BODY = YES;
				CLANG_WARN_ENUM_CONVERSION = YES;
				CLANG_WARN_INT_CONVERSION = YES;
				CLANG_WARN_OBJC_ROOT_CLASS = YES_ERROR;
				CLANG_WARN_UNREACHABLE_CODE = YES;
				CLANG_WARN__DUPLICATE_METHOD_MATCH = YES;
				COPY_PHASE_STRIP = NO;
				DEBUG_INFORMATION_FORMAT = "dwarf-with-dsym";
				ENABLE_NS_ASSERTIONS = NO;
				ENABLE_STRICT_OBJC_MSGSEND = YES;
				GCC_C_LANGUAGE_STANDARD = gnu99;
				GCC_NO_COMMON_BLOCKS = YES;
				GCC_WARN_64_TO_32_BIT_CONVERSION = YES;
				GCC_WARN_ABOUT_RETURN_TYPE = YES_ERROR;
				GCC_WARN_UNDECLARED_SELECTOR = YES;
				GCC_WARN_UNINITIALIZED_AUTOS = YES_AGGRESSIVE;
				GCC_WARN_UNUSED_FUNCTION = YES;
				GCC_WARN_UNUSED_VARIABLE = YES;
				MACOSX_DEPLOYMENT_TARGET = 10.10;
				MTL_ENABLE_DEBUG_INFO = NO;
				SDKROOT = macosx;
			};
			name = Release;
		};
		A39F86851B84C9DB00C4AC3D /* Debug */ = {
			isa = XCBuildConfiguration;
			buildSettings = {
				PRODUCT_NAME = "$(TARGET_NAME)";
			};
			name = Debug;
		};
		A39F86861B84C9DB00C4AC3D /* Release */ = {
			isa = XCBuildConfiguration;
			buildSettings = {
				PRODUCT_NAME = "$(TARGET_NAME)";
			};
			name = Release;
		};
/* End XCBuildConfiguration section */

/* Begin XCConfigurationList section */
		A39F86781B84C9DB00C4AC3D /* Build configuration list for PBXProject "ProgrammingContest" */ = {
			isa = XCConfigurationList;
			buildConfigurations = (
				A39F86821B84C9DB00C4AC3D /* Debug */,
				A39F86831B84C9DB00C4AC3D /* Release */,
			);
			defaultConfigurationIsVisible = 0;
			defaultConfigurationName = Release;
		};
		A39F86841B84C9DB00C4AC3D /* Build configuration list for PBXNativeTarget "ProgrammingContest" */ = {
			isa = XCConfigurationList;
			buildConfigurations = (
				A39F86851B84C9DB00C4AC3D /* Debug */,
				A39F86861B84C9DB00C4AC3D /* Release */,
			);
			defaultConfigurationIsVisible = 0;
			defaultConfigurationName = Release;
		};
/* End XCConfigurationList section */
	};
	rootObject = A39F86751B84C9DA00C4AC3D /* Project object */;
}
